
Microsoft Visual Studio Solution File, Format Version 12.00
# Visual Studio Version 17
VisualStudioVersion = 17.4.33213.308
MinimumVisualStudioVersion = 10.0.40219.1
Project("{FAE04EC0-301F-11D3-BF4B-00C04F79EFBC}") = "estadisticasStreaming", "estadisticasStreaming.csproj", "{17B7B54E-7528-4A57-90FB-660F36B8F8EE}"
EndProject
Global
	GlobalSection(SolutionConfigurationPlatforms) = preSolution
		Debug|Any CPU = Debug|Any CPU
		Release|Any CPU = Release|Any CPU
	EndGlobalSection
	GlobalSection(ProjectConfigurationPlatforms) = postSolution
		{17B7B54E-7528-4A57-90FB-660F36B8F8EE}.Debug|Any CPU.ActiveCfg = Debug|Any CPU
		{17B7B54E-7528-4A57-90FB-660F36B8F8EE}.Debug|Any CPU.Build.0 = Debug|Any CPU
		{17B7B54E-7528-4A57-90FB-660F36B8F8EE}.Release|Any CPU.ActiveCfg = Release|Any CPU
		{17B7B54E-7528-4A57-90FB-660F36B8F8EE}.Release|Any CPU.Build.0 = Release|Any CPU
	EndGlobalSection
	GlobalSection(SolutionProperties) = preSolution
		HideSolutionNode = FALSE
	EndGlobalSection
	GlobalSection(ExtensibilityGlobals) = postSolution
		SolutionGuid = {8C24F0AD-81A2-47F1-803D-5990F5691850}
	EndGlobalSection
EndGlobal
